
Microsoft Visual Studio Solution File, Format Version 12.00
# Visual Studio Version 16
VisualStudioVersion = 16.0.31624.102
MinimumVisualStudioVersion = 10.0.40219.1
Project("{9A19103F-16F7-4668-BE54-9A1E7A4F7556}") = "StreamsFilesAndDirectories", "P01 Even Lines\StreamsFilesAndDirectories.csproj", "{55B56556-78F3-494B-B676-A1C40DA49881}"
EndProject
Global
	GlobalSection(SolutionConfigurationPlatforms) = preSolution
		Debug|Any CPU = Debug|Any CPU
		Release|Any CPU = Release|Any CPU
	EndGlobalSection
	GlobalSection(ProjectConfigurationPlatforms) = postSolution
		{55B56556-78F3-494B-B676-A1C40DA49881}.Debug|Any CPU.ActiveCfg = Debug|Any CPU
		{55B56556-78F3-494B-B676-A1C40DA49881}.Debug|Any CPU.Build.0 = Debug|Any CPU
		{55B56556-78F3-494B-B676-A1C40DA49881}.Release|Any CPU.ActiveCfg = Release|Any CPU
		{55B56556-78F3-494B-B676-A1C40DA49881}.Release|Any CPU.Build.0 = Release|Any CPU
	EndGlobalSection
	GlobalSection(SolutionProperties) = preSolution
		HideSolutionNode = FALSE
	EndGlobalSection
	GlobalSection(ExtensibilityGlobals) = postSolution
		SolutionGuid = {2AD50BA8-9FEB-4981-A532-7CF2FE28E253}
	EndGlobalSection
EndGlobal
