
Microsoft Visual Studio Solution File, Format Version 12.00
# Visual Studio Version 16
VisualStudioVersion = 16.0.31624.102
MinimumVisualStudioVersion = 10.0.40219.1
Project("{9A19103F-16F7-4668-BE54-9A1E7A4F7556}") = "Lootbox", "Lootbox\Lootbox.csproj", "{D9A82B4A-CD62-48BA-87EE-F751E0A57860}"
EndProject
Project("{9A19103F-16F7-4668-BE54-9A1E7A4F7556}") = "Re-Volt", "Re-Volt\Re-Volt.csproj", "{48FEF81E-8302-43AC-A568-B5E52CD452FA}"
EndProject
Project("{FAE04EC0-301F-11D3-BF4B-00C04F79EFBC}") = "Guild", "Guild\Guild.csproj", "{CADA5D34-1A49-48DA-86FB-D7C71C04AC89}"
EndProject
Global
	GlobalSection(SolutionConfigurationPlatforms) = preSolution
		Debug|Any CPU = Debug|Any CPU
		Release|Any CPU = Release|Any CPU
	EndGlobalSection
	GlobalSection(ProjectConfigurationPlatforms) = postSolution
		{D9A82B4A-CD62-48BA-87EE-F751E0A57860}.Debug|Any CPU.ActiveCfg = Debug|Any CPU
		{D9A82B4A-CD62-48BA-87EE-F751E0A57860}.Debug|Any CPU.Build.0 = Debug|Any CPU
		{D9A82B4A-CD62-48BA-87EE-F751E0A57860}.Release|Any CPU.ActiveCfg = Release|Any CPU
		{D9A82B4A-CD62-48BA-87EE-F751E0A57860}.Release|Any CPU.Build.0 = Release|Any CPU
		{48FEF81E-8302-43AC-A568-B5E52CD452FA}.Debug|Any CPU.ActiveCfg = Debug|Any CPU
		{48FEF81E-8302-43AC-A568-B5E52CD452FA}.Debug|Any CPU.Build.0 = Debug|Any CPU
		{48FEF81E-8302-43AC-A568-B5E52CD452FA}.Release|Any CPU.ActiveCfg = Release|Any CPU
		{48FEF81E-8302-43AC-A568-B5E52CD452FA}.Release|Any CPU.Build.0 = Release|Any CPU
		{CADA5D34-1A49-48DA-86FB-D7C71C04AC89}.Debug|Any CPU.ActiveCfg = Debug|Any CPU
		{CADA5D34-1A49-48DA-86FB-D7C71C04AC89}.Debug|Any CPU.Build.0 = Debug|Any CPU
		{CADA5D34-1A49-48DA-86FB-D7C71C04AC89}.Release|Any CPU.ActiveCfg = Release|Any CPU
		{CADA5D34-1A49-48DA-86FB-D7C71C04AC89}.Release|Any CPU.Build.0 = Release|Any CPU
	EndGlobalSection
	GlobalSection(SolutionProperties) = preSolution
		HideSolutionNode = FALSE
	EndGlobalSection
	GlobalSection(ExtensibilityGlobals) = postSolution
		SolutionGuid = {617D07E5-2B42-41BC-BBDE-B252488A61BA}
	EndGlobalSection
EndGlobal
